
Microsoft Visual Studio Solution File, Format Version 12.00
# Visual Studio Version 17
VisualStudioVersion = 17.6.33829.357
MinimumVisualStudioVersion = 10.0.40219.1
Project("{FAE04EC0-301F-11D3-BF4B-00C04F79EFBC}") = "ConsoleApp", "ConsoleApp.csproj", "{1EE35D75-922F-4ACD-9E34-BC9D35F8E6C2}"
EndProject
Global
	GlobalSection(SolutionConfigurationPlatforms) = preSolution
		Debug|Any CPU = Debug|Any CPU
		Release|Any CPU = Release|Any CPU
	EndGlobalSection
	GlobalSection(ProjectConfigurationPlatforms) = postSolution
		{1EE35D75-922F-4ACD-9E34-BC9D35F8E6C2}.Debug|Any CPU.ActiveCfg = Debug|Any CPU
		{1EE35D75-922F-4ACD-9E34-BC9D35F8E6C2}.Debug|Any CPU.Build.0 = Debug|Any CPU
		{1EE35D75-922F-4ACD-9E34-BC9D35F8E6C2}.Release|Any CPU.ActiveCfg = Release|Any CPU
		{1EE35D75-922F-4ACD-9E34-BC9D35F8E6C2}.Release|Any CPU.Build.0 = Release|Any CPU
	EndGlobalSection
	GlobalSection(SolutionProperties) = preSolution
		HideSolutionNode = FALSE
	EndGlobalSection
	GlobalSection(ExtensibilityGlobals) = postSolution
		SolutionGuid = {43F63E6C-4E98-4CC2-886C-90E9EEDB1BB3}
	EndGlobalSection
EndGlobal
